
Microsoft Visual Studio Solution File, Format Version 12.00
# Visual Studio Version 17
VisualStudioVersion = 17.11.35222.181
MinimumVisualStudioVersion = 10.0.40219.1
Project("{FAE04EC0-301F-11D3-BF4B-00C04F79EFBC}") = "Week2", "Week2\Week2.csproj", "{5D4897C6-54CA-4714-A947-0FE456096259}"
EndProject
Project("{FAE04EC0-301F-11D3-BF4B-00C04F79EFBC}") = "UserGenderValidation", "UserGenderValidation\UserGenderValidation.csproj", "{E44BDCE8-31F8-4C94-932F-3B47CCA11EB6}"
EndProject
Project("{FAE04EC0-301F-11D3-BF4B-00C04F79EFBC}") = "UserAageValidation", "UserAageValidation\UserAageValidation.csproj", "{D9F93D3E-2CDC-4E8D-BAEC-CF41F12008BA}"
EndProject
Global
	GlobalSection(SolutionConfigurationPlatforms) = preSolution
		Debug|Any CPU = Debug|Any CPU
		Release|Any CPU = Release|Any CPU
	EndGlobalSection
	GlobalSection(ProjectConfigurationPlatforms) = postSolution
		{5D4897C6-54CA-4714-A947-0FE456096259}.Debug|Any CPU.ActiveCfg = Debug|Any CPU
		{5D4897C6-54CA-4714-A947-0FE456096259}.Debug|Any CPU.Build.0 = Debug|Any CPU
		{5D4897C6-54CA-4714-A947-0FE456096259}.Release|Any CPU.ActiveCfg = Release|Any CPU
		{5D4897C6-54CA-4714-A947-0FE456096259}.Release|Any CPU.Build.0 = Release|Any CPU
		{E44BDCE8-31F8-4C94-932F-3B47CCA11EB6}.Debug|Any CPU.ActiveCfg = Debug|Any CPU
		{E44BDCE8-31F8-4C94-932F-3B47CCA11EB6}.Debug|Any CPU.Build.0 = Debug|Any CPU
		{E44BDCE8-31F8-4C94-932F-3B47CCA11EB6}.Release|Any CPU.ActiveCfg = Release|Any CPU
		{E44BDCE8-31F8-4C94-932F-3B47CCA11EB6}.Release|Any CPU.Build.0 = Release|Any CPU
		{D9F93D3E-2CDC-4E8D-BAEC-CF41F12008BA}.Debug|Any CPU.ActiveCfg = Debug|Any CPU
		{D9F93D3E-2CDC-4E8D-BAEC-CF41F12008BA}.Debug|Any CPU.Build.0 = Debug|Any CPU
		{D9F93D3E-2CDC-4E8D-BAEC-CF41F12008BA}.Release|Any CPU.ActiveCfg = Release|Any CPU
		{D9F93D3E-2CDC-4E8D-BAEC-CF41F12008BA}.Release|Any CPU.Build.0 = Release|Any CPU
	EndGlobalSection
	GlobalSection(SolutionProperties) = preSolution
		HideSolutionNode = FALSE
	EndGlobalSection
	GlobalSection(ExtensibilityGlobals) = postSolution
		SolutionGuid = {E89653DA-A0A9-4E0F-80D2-B066AB817E98}
	EndGlobalSection
EndGlobal
